// !$*UTF8*$!
{
	archiveVersion = 1;
	classes = {
	};
	objectVersion = 50;
	objects = {

/* Begin PBXBuildFile section */
		D9409B7F233FF98700C2FA68 /* AppDelegate.swift in Sources */ = {isa = PBXBuildFile; fileRef = D9409B7E233FF98700C2FA68 /* AppDelegate.swift */; };
		D9409B81233FF98700C2FA68 /* ViewController.swift in Sources */ = {isa = PBXBuildFile; fileRef = D9409B80233FF98700C2FA68 /* ViewController.swift */; };
		D9409B84233FF98700C2FA68 /* Main.storyboard in Resources */ = {isa = PBXBuildFile; fileRef = D9409B82233FF98700C2FA68 /* Main.storyboard */; };
		D9409B86233FF98800C2FA68 /* Assets.xcassets in Resources */ = {isa = PBXBuildFile; fileRef = D9409B85233FF98800C2FA68 /* Assets.xcassets */; };
		D9409B89233FF98800C2FA68 /* LaunchScreen.storyboard in Resources */ = {isa = PBXBuildFile; fileRef = D9409B87233FF98800C2FA68 /* LaunchScreen.storyboard */; };
		D9409B91233FFAA700C2FA68 /* LogoViewController.swift in Sources */ = {isa = PBXBuildFile; fileRef = D9409B90233FFAA700C2FA68 /* LogoViewController.swift */; };
		D9409B93233FFADB00C2FA68 /* TableViewController.swift in Sources */ = {isa = PBXBuildFile; fileRef = D9409B92233FFADB00C2FA68 /* TableViewController.swift */; };
/* End PBXBuildFile section */

/* Begin PBXFileReference section */
		D9409B7B233FF98700C2FA68 /* A3_P1_Kim_YongHwan.app */ = {isa = PBXFileReference; explicitFileType = wrapper.application; includeInIndex = 0; path = A3_P1_Kim_YongHwan.app; sourceTree = BUILT_PRODUCTS_DIR; };
		D9409B7E233FF98700C2FA68 /* AppDelegate.swift */ = {isa = PBXFileReference; lastKnownFileType = sourcecode.swift; path = AppDelegate.swift; sourceTree = "<group>"; };
		D9409B80233FF98700C2FA68 /* ViewController.swift */ = {isa = PBXFileReference; lastKnownFileType = sourcecode.swift; path = ViewController.swift; sourceTree = "<group>"; };
		D9409B83233FF98700C2FA68 /* Base */ = {isa = PBXFileReference; lastKnownFileType = file.storyboard; name = Base; path = Base.lproj/Main.storyboard; sourceTree = "<group>"; };
		D9409B85233FF98800C2FA68 /* Assets.xcassets */ = {isa = PBXFileReference; lastKnownFileType = folder.assetcatalog; path = Assets.xcassets; sourceTree = "<group>"; };
		D9409B88233FF98800C2FA68 /* Base */ = {isa = PBXFileReference; lastKnownFileType = file.storyboard; name = Base; path = Base.lproj/LaunchScreen.storyboard; sourceTree = "<group>"; };
		D9409B8A233FF98800C2FA68 /* Info.plist */ = {isa = PBXFileReference; lastKnownFileType = text.plist.xml; path = Info.plist; sourceTree = "<group>"; };
		D9409B90233FFAA700C2FA68 /* LogoViewController.swift */ = {isa = PBXFileReference; lastKnownFileType = sourcecode.swift; path = LogoViewController.swift; sourceTree = "<group>"; };
		D9409B92233FFADB00C2FA68 /* TableViewController.swift */ = {isa = PBXFileReference; lastKnownFileType = sourcecode.swift; path = TableViewController.swift; sourceTree = "<group>"; };
/* End PBXFileReference section */

/* Begin PBXFrameworksBuildPhase section */
		D9409B78233FF98700C2FA68 /* Frameworks */ = {
			isa = PBXFrameworksBuildPhase;
			buildActionMask = 2147483647;
			files = (
			);
			runOnlyForDeploymentPostprocessing = 0;
		};
/* End PBXFrameworksBuildPhase section */

/* Begin PBXGroup section */
		D9409B72233FF98700C2FA68 = {
			isa = PBXGroup;
			children = (
				D9409B7D233FF98700C2FA68 /* A3_P1_Kim_YongHwan */,
				D9409B7C233FF98700C2FA68 /* Products */,
			);
			sourceTree = "<group>";
		};
		D9409B7C233FF98700C2FA68 /* Products */ = {
			isa = PBXGroup;
			children = (
				D9409B7B233FF98700C2FA68 /* A3_P1_Kim_YongHwan.app */,
			);
			name = Products;
			sourceTree = "<group>";
		};
		D9409B7D233FF98700C2FA68 /* A3_P1_Kim_YongHwan */ = {
			isa = PBXGroup;
			children = (
				D9409B7E233FF98700C2FA68 /* AppDelegate.swift */,
				D9409B80233FF98700C2FA68 /* ViewController.swift */,
				D9409B82233FF98700C2FA68 /* Main.storyboard */,
				D9409B92233FFADB00C2FA68 /* TableViewController.swift */,
				D9409B90233FFAA700C2FA68 /* LogoViewController.swift */,
				D9409B85233FF98800C2FA68 /* Assets.xcassets */,
				D9409B87233FF98800C2FA68 /* LaunchScreen.storyboard */,
				D9409B8A233FF98800C2FA68 /* Info.plist */,
			);
			path = A3_P1_Kim_YongHwan;
			sourceTree = "<group>";
		};
/* End PBXGroup section */

/* Begin PBXNativeTarget section */
		D9409B7A233FF98700C2FA68 /* A3_P1_Kim_YongHwan */ = {
			isa = PBXNativeTarget;
			buildConfigurationList = D9409B8D233FF98800C2FA68 /* Build configuration list for PBXNativeTarget "A3_P1_Kim_YongHwan" */;
			buildPhases = (
				D9409B77233FF98700C2FA68 /* Sources */,
				D9409B78233FF98700C2FA68 /* Frameworks */,
				D9409B79233FF98700C2FA68 /* Resources */,
			);
			buildRules = (
			);
			dependencies = (
			);
			name = A3_P1_Kim_YongHwan;
			productName = A3_P1_Kim_YongHwan;
			productReference = D9409B7B233FF98700C2FA68 /* A3_P1_Kim_YongHwan.app */;
			productType = "com.apple.product-type.application";
		};
/* End PBXNativeTarget section */

/* Begin PBXProject section */
		D9409B73233FF98700C2FA68 /* Project object */ = {
			isa = PBXProject;
			attributes = {
				LastSwiftUpdateCheck = 1030;
				LastUpgradeCheck = 1030;
				ORGANIZATIONNAME = "YongHwan Kim";
				TargetAttributes = {
					D9409B7A233FF98700C2FA68 = {
						CreatedOnToolsVersion = 10.3;
					};
				};
			};
			buildConfigurationList = D9409B76233FF98700C2FA68 /* Build configuration list for PBXProject "A3_P1_Kim_YongHwan" */;
			compatibilityVersion = "Xcode 9.3";
			developmentRegion = en;
			hasScannedForEncodings = 0;
			knownRegions = (
				en,
				Base,
			);
			mainGroup = D9409B72233FF98700C2FA68;
			productRefGroup = D9409B7C233FF98700C2FA68 /* Products */;
			projectDirPath = "";
			projectRoot = "";
			targets = (
				D9409B7A233FF98700C2FA68 /* A3_P1_Kim_YongHwan */,
			);
		};
/* End PBXProject section */

/* Begin PBXResourcesBuildPhase section */
		D9409B79233FF98700C2FA68 /* Resources */ = {
			isa = PBXResourcesBuildPhase;
			buildActionMask = 2147483647;
			files = (
				D9409B89233FF98800C2FA68 /* LaunchScreen.storyboard in Resources */,
				D9409B86233FF98800C2FA68 /* Assets.xcassets in Resources */,
				D9409B84233FF98700C2FA68 /* Main.storyboard in Resources */,
			);
			runOnlyForDeploymentPostprocessing = 0;
		};
/* End PBXResourcesBuildPhase section */

/* Begin PBXSourcesBuildPhase section */
		D9409B77233FF98700C2FA68 /* Sources */ = {
			isa = PBXSourcesBuildPhase;
			buildActionMask = 2147483647;
			files = (
				D9409B81233FF98700C2FA68 /* ViewController.swift in Sources */,
				D9409B7F233FF98700C2FA68 /* AppDelegate.swift in Sources */,
				D9409B91233FFAA700C2FA68 /* LogoViewController.swift in Sources */,
				D9409B93233FFADB00C2FA68 /* TableViewController.swift in Sources */,
			);
			runOnlyForDeploymentPostprocessing = 0;
		};
/* End PBXSourcesBuildPhase section */

/* Begin PBXVariantGroup section */
		D9409B82233FF98700C2FA68 /* Main.storyboard */ = {
			isa = PBXVariantGroup;
			children = (
				D9409B83233FF98700C2FA68 /* Base */,
			);
			name = Main.storyboard;
			sourceTree = "<group>";
		};
		D9409B87233FF98800C2FA68 /* LaunchScreen.storyboard */ = {
			isa = PBXVariantGroup;
			children = (
				D9409B88233FF98800C2FA68 /* Base */,
			);
			name = LaunchScreen.storyboard;
			sourceTree = "<group>";
		};
/* End PBXVariantGroup section */

/* Begin XCBuildConfiguration section */
		D9409B8B233FF98800C2FA68 /* Debug */ = {
			isa = XCBuildConfiguration;
			buildSettings = {
				ALWAYS_SEARCH_USER_PATHS = NO;
				CLANG_ANALYZER_NONNULL = YES;
				CLANG_ANALYZER_NUMBER_OBJECT_CONVERSION = YES_AGGRESSIVE;
				CLANG_CXX_LANGUAGE_STANDARD = "gnu++14";
				CLANG_CXX_LIBRARY = "libc++";
				CLANG_ENABLE_MODULES = YES;
				CLANG_ENABLE_OBJC_ARC = YES;
				CLANG_ENABLE_OBJC_WEAK = YES;
				CLANG_WARN_BLOCK_CAPTURE_AUTORELEASING = YES;
				CLANG_WARN_BOOL_CONVERSION = YES;
				CLANG_WARN_COMMA = YES;
				CLANG_WARN_CONSTANT_CONVERSION = YES;
				CLANG_WARN_DEPRECATED_OBJC_IMPLEMENTATIONS = YES;
				CLANG_WARN_DIRECT_OBJC_ISA_USAGE = YES_ERROR;
				CLANG_WARN_DOCUMENTATION_COMMENTS = YES;
				CLANG_WARN_EMPTY_BODY = YES;
				CLANG_WARN_ENUM_CONVERSION = YES;
				CLANG_WARN_INFINITE_RECURSION = YES;
				CLANG_WARN_INT_CONVERSION = YES;
				CLANG_WARN_NON_LITERAL_NULL_CONVERSION = YES;
				CLANG_WARN_OBJC_IMPLICIT_RETAIN_SELF = YES;
				CLANG_WARN_OBJC_LITERAL_CONVERSION = YES;
				CLANG_WARN_OBJC_ROOT_CLASS = YES_ERROR;
				CLANG_WARN_RANGE_LOOP_ANALYSIS = YES;
				CLANG_WARN_STRICT_PROTOTYPES = YES;
				CLANG_WARN_SUSPICIOUS_MOVE = YES;
				CLANG_WARN_UNGUARDED_AVAILABILITY = YES_AGGRESSIVE;
				CLANG_WARN_UNREACHABLE_CODE = YES;
				CLANG_WARN__DUPLICATE_METHOD_MATCH = YES;
				CODE_SIGN_IDENTITY = "iPhone Developer";
				COPY_PHASE_STRIP = NO;
				DEBUG_INFORMATION_FORMAT = dwarf;
				ENABLE_STRICT_OBJC_MSGSEND = YES;
				ENABLE_TESTABILITY = YES;
				GCC_C_LANGUAGE_STANDARD = gnu11;
				GCC_DYNAMIC_NO_PIC = NO;
				GCC_NO_COMMON_BLOCKS = YES;
				GCC_OPTIMIZATION_LEVEL = 0;
				GCC_PREPROCESSOR_DEFINITIONS = (
					"DEBUG=1",
					"$(inherited)",
				);
				GCC_WARN_64_TO_32_BIT_CONVERSION = YES;
				GCC_WARN_ABOUT_RETURN_TYPE = YES_ERROR;
				GCC_WARN_UNDECLARED_SELECTOR = YES;
				GCC_WARN_UNINITIALIZED_AUTOS = YES_AGGRESSIVE;
				GCC_WARN_UNUSED_FUNCTION = YES;
				GCC_WARN_UNUSED_VARIABLE = YES;
				IPHONEOS_DEPLOYMENT_TARGET = 12.4;
				MTL_ENABLE_DEBUG_INFO = INCLUDE_SOURCE;
				MTL_FAST_MATH = YES;
				ONLY_ACTIVE_ARCH = YES;
				SDKROOT = iphoneos;
				SWIFT_ACTIVE_COMPILATION_CONDITIONS = DEBUG;
				SWIFT_OPTIMIZATION_LEVEL = "-Onone";
			};
			name = Debug;
		};
		D9409B8C233FF98800C2FA68 /* Release */ = {
			isa = XCBuildConfiguration;
			buildSettings = {
				ALWAYS_SEARCH_USER_PATHS = NO;
				CLANG_ANALYZER_NONNULL = YES;
				CLANG_ANALYZER_NUMBER_OBJECT_CONVERSION = YES_AGGRESSIVE;
				CLANG_CXX_LANGUAGE_STANDARD = "gnu++14";
				CLANG_CXX_LIBRARY = "libc++";
				CLANG_ENABLE_MODULES = YES;
				CLANG_ENABLE_OBJC_ARC = YES;
				CLANG_ENABLE_OBJC_WEAK = YES;
				CLANG_WARN_BLOCK_CAPTURE_AUTORELEASING = YES;
				CLANG_WARN_BOOL_CONVERSION = YES;
				CLANG_WARN_COMMA = YES;
				CLANG_WARN_CONSTANT_CONVERSION = YES;
				CLANG_WARN_DEPRECATED_OBJC_IMPLEMENTATIONS = YES;
				CLANG_WARN_DIRECT_OBJC_ISA_USAGE = YES_ERROR;
				CLANG_WARN_DOCUMENTATION_COMMENTS = YES;
				CLANG_WARN_EMPTY_BODY = YES;
				CLANG_WARN_ENUM_CONVERSION = YES;
				CLANG_WARN_INFINITE_RECURSION = YES;
				CLANG_WARN_INT_CONVERSION = YES;
				CLANG_WARN_NON_LITERAL_NULL_CONVERSION = YES;
				CLANG_WARN_OBJC_IMPLICIT_RETAIN_SELF = YES;
				CLANG_WARN_OBJC_LITERAL_CONVERSION = YES;
				CLANG_WARN_OBJC_ROOT_CLASS = YES_ERROR;
				CLANG_WARN_RANGE_LOOP_ANALYSIS = YES;
				CLANG_WARN_STRICT_PROTOTYPES = YES;
				CLANG_WARN_SUSPICIOUS_MOVE = YES;
				CLANG_WARN_UNGUARDED_AVAILABILITY = YES_AGGRESSIVE;
				CLANG_WARN_UNREACHABLE_CODE = YES;
				CLANG_WARN__DUPLICATE_METHOD_MATCH = YES;
				CODE_SIGN_IDENTITY = "iPhone Developer";
				COPY_PHASE_STRIP = NO;
				DEBUG_INFORMATION_FORMAT = "dwarf-with-dsym";
				ENABLE_NS_ASSERTIONS = NO;
				ENABLE_STRICT_OBJC_MSGSEND = YES;
				GCC_C_LANGUAGE_STANDARD = gnu11;
				GCC_NO_COMMON_BLOCKS = YES;
				GCC_WARN_64_TO_32_BIT_CONVERSION = YES;
				GCC_WARN_ABOUT_RETURN_TYPE = YES_ERROR;
				GCC_WARN_UNDECLARED_SELECTOR = YES;
				GCC_WARN_UNINITIALIZED_AUTOS = YES_AGGRESSIVE;
				GCC_WARN_UNUSED_FUNCTION = YES;
				GCC_WARN_UNUSED_VARIABLE = YES;
				IPHONEOS_DEPLOYMENT_TARGET = 12.4;
				MTL_ENABLE_DEBUG_INFO = NO;
				MTL_FAST_MATH = YES;
				SDKROOT = iphoneos;
				SWIFT_COMPILATION_MODE = wholemodule;
				SWIFT_OPTIMIZATION_LEVEL = "-O";
				VALIDATE_PRODUCT = YES;
			};
			name = Release;
		};
		D9409B8E233FF98800C2FA68 /* Debug */ = {
			isa = XCBuildConfiguration;
			buildSettings = {
				ASSETCATALOG_COMPILER_APPICON_NAME = AppIcon;
				CODE_SIGN_STYLE = Automatic;
				INFOPLIST_FILE = A3_P1_Kim_YongHwan/Info.plist;
				LD_RUNPATH_SEARCH_PATHS = (
					"$(inherited)",
					"@executable_path/Frameworks",
				);
				PRODUCT_BUNDLE_IDENTIFIER = "edu.okstate.cs.A3-P1-Kim-YongHwan";
				PRODUCT_NAME = "$(TARGET_NAME)";
				SWIFT_VERSION = 5.0;
				TARGETED_DEVICE_FAMILY = "1,2";
			};
			name = Debug;
		};
		D9409B8F233FF98800C2FA68 /* Release */ = {
			isa = XCBuildConfiguration;
			buildSettings = {
				ASSETCATALOG_COMPILER_APPICON_NAME = AppIcon;
				CODE_SIGN_STYLE = Automatic;
				INFOPLIST_FILE = A3_P1_Kim_YongHwan/Info.plist;
				LD_RUNPATH_SEARCH_PATHS = (
					"$(inherited)",
					"@executable_path/Frameworks",
				);
				PRODUCT_BUNDLE_IDENTIFIER = "edu.okstate.cs.A3-P1-Kim-YongHwan";
				PRODUCT_NAME = "$(TARGET_NAME)";
				SWIFT_VERSION = 5.0;
				TARGETED_DEVICE_FAMILY = "1,2";
			};
			name = Release;
		};
/* End XCBuildConfiguration section */

/* Begin XCConfigurationList section */
		D9409B76233FF98700C2FA68 /* Build configuration list for PBXProject "A3_P1_Kim_YongHwan" */ = {
			isa = XCConfigurationList;
			buildConfigurations = (
				D9409B8B233FF98800C2FA68 /* Debug */,
				D9409B8C233FF98800C2FA68 /* Release */,
			);
			defaultConfigurationIsVisible = 0;
			defaultConfigurationName = Release;
		};
		D9409B8D233FF98800C2FA68 /* Build configuration list for PBXNativeTarget "A3_P1_Kim_YongHwan" */ = {
			isa = XCConfigurationList;
			buildConfigurations = (
				D9409B8E233FF98800C2FA68 /* Debug */,
				D9409B8F233FF98800C2FA68 /* Release */,
			);
			defaultConfigurationIsVisible = 0;
			defaultConfigurationName = Release;
		};
/* End XCConfigurationList section */
	};
	rootObject = D9409B73233FF98700C2FA68 /* Project object */;
}
